
Microsoft Visual Studio Solution File, Format Version 12.00
# Visual Studio Version 16
VisualStudioVersion = 16.0.29613.14
MinimumVisualStudioVersion = 10.0.40219.1
Project("{9A19103F-16F7-4668-BE54-9A1E7A4F7556}") = "StringCalculator", "StringCalculator\StringCalculator.csproj", "{6DFFDCB0-E967-4CB2-AE56-8037F05AA6B8}"
EndProject
Project("{FAE04EC0-301F-11D3-BF4B-00C04F79EFBC}") = "Calculator.Contracts", "Calculator.Contracts\Calculator.Contracts.csproj", "{1137CDD3-C0F6-47A1-A759-5FC2F497C220}"
EndProject
Project("{FAE04EC0-301F-11D3-BF4B-00C04F79EFBC}") = "Calculator", "Calculator\Calculator.csproj", "{4EB66BC1-8B64-4313-B6E1-BD870426004F}"
EndProject
Project("{FAE04EC0-301F-11D3-BF4B-00C04F79EFBC}") = "Calculator.Tests", "Calculator.Tests\Calculator.Tests.csproj", "{C9048855-8573-4F8D-9030-734959EF35F8}"
EndProject
Global
	GlobalSection(SolutionConfigurationPlatforms) = preSolution
		Debug|Any CPU = Debug|Any CPU
		Release|Any CPU = Release|Any CPU
	EndGlobalSection
	GlobalSection(ProjectConfigurationPlatforms) = postSolution
		{6DFFDCB0-E967-4CB2-AE56-8037F05AA6B8}.Debug|Any CPU.ActiveCfg = Debug|Any CPU
		{6DFFDCB0-E967-4CB2-AE56-8037F05AA6B8}.Debug|Any CPU.Build.0 = Debug|Any CPU
		{6DFFDCB0-E967-4CB2-AE56-8037F05AA6B8}.Release|Any CPU.ActiveCfg = Release|Any CPU
		{6DFFDCB0-E967-4CB2-AE56-8037F05AA6B8}.Release|Any CPU.Build.0 = Release|Any CPU
		{1137CDD3-C0F6-47A1-A759-5FC2F497C220}.Debug|Any CPU.ActiveCfg = Debug|Any CPU
		{1137CDD3-C0F6-47A1-A759-5FC2F497C220}.Debug|Any CPU.Build.0 = Debug|Any CPU
		{1137CDD3-C0F6-47A1-A759-5FC2F497C220}.Release|Any CPU.ActiveCfg = Release|Any CPU
		{1137CDD3-C0F6-47A1-A759-5FC2F497C220}.Release|Any CPU.Build.0 = Release|Any CPU
		{4EB66BC1-8B64-4313-B6E1-BD870426004F}.Debug|Any CPU.ActiveCfg = Debug|Any CPU
		{4EB66BC1-8B64-4313-B6E1-BD870426004F}.Debug|Any CPU.Build.0 = Debug|Any CPU
		{4EB66BC1-8B64-4313-B6E1-BD870426004F}.Release|Any CPU.ActiveCfg = Release|Any CPU
		{4EB66BC1-8B64-4313-B6E1-BD870426004F}.Release|Any CPU.Build.0 = Release|Any CPU
		{C9048855-8573-4F8D-9030-734959EF35F8}.Debug|Any CPU.ActiveCfg = Debug|Any CPU
		{C9048855-8573-4F8D-9030-734959EF35F8}.Debug|Any CPU.Build.0 = Debug|Any CPU
		{C9048855-8573-4F8D-9030-734959EF35F8}.Release|Any CPU.ActiveCfg = Release|Any CPU
		{C9048855-8573-4F8D-9030-734959EF35F8}.Release|Any CPU.Build.0 = Release|Any CPU
	EndGlobalSection
	GlobalSection(SolutionProperties) = preSolution
		HideSolutionNode = FALSE
	EndGlobalSection
	GlobalSection(ExtensibilityGlobals) = postSolution
		SolutionGuid = {C046755B-89C2-41F0-A243-36507F51AF45}
	EndGlobalSection
EndGlobal
